
Microsoft Visual Studio Solution File, Format Version 12.00
# Visual Studio Version 16
VisualStudioVersion = 16.0.30225.117
MinimumVisualStudioVersion = 10.0.40219.1
Project("{FAE04EC0-301F-11D3-BF4B-00C04F79EFBC}") = "YouTubeDL.Web", "YouTubeDL.Web\YouTubeDL.Web.csproj", "{5895CE5C-CEF3-4EEE-8804-948D0DE2CE68}"
EndProject
Global
	GlobalSection(SolutionConfigurationPlatforms) = preSolution
		Debug|Any CPU = Debug|Any CPU
		Release|Any CPU = Release|Any CPU
	EndGlobalSection
	GlobalSection(ProjectConfigurationPlatforms) = postSolution
		{5895CE5C-CEF3-4EEE-8804-948D0DE2CE68}.Debug|Any CPU.ActiveCfg = Debug|Any CPU
		{5895CE5C-CEF3-4EEE-8804-948D0DE2CE68}.Debug|Any CPU.Build.0 = Debug|Any CPU
		{5895CE5C-CEF3-4EEE-8804-948D0DE2CE68}.Release|Any CPU.ActiveCfg = Release|Any CPU
		{5895CE5C-CEF3-4EEE-8804-948D0DE2CE68}.Release|Any CPU.Build.0 = Release|Any CPU
	EndGlobalSection
	GlobalSection(SolutionProperties) = preSolution
		HideSolutionNode = FALSE
	EndGlobalSection
	GlobalSection(ExtensibilityGlobals) = postSolution
		SolutionGuid = {CAA3C598-D0F6-45DD-BB45-ABF1A53FBCD1}
	EndGlobalSection
EndGlobal
